// !$*UTF8*$!
{
	archiveVersion = 1;
	classes = {
	};
	objectVersion = 51;
	objects = {

/* Begin PBXBuildFile section */
		2C28079923DFD30100845F3D /* HelpBookScriptCommands.m in Sources */ = {isa = PBXBuildFile; fileRef = 2C28079823DFD30100845F3D /* HelpBookScriptCommands.m */; };
		2C2807A423E02EC000845F3D /* ModuleLoaderHelp in Resources */ = {isa = PBXBuildFile; fileRef = 2C2807A323E02EC000845F3D /* ModuleLoaderHelp */; };
		2C886BDF22B77FC10044C035 /* ModuleFinder.sdef in Resources */ = {isa = PBXBuildFile; fileRef = 2C886BDE22B77FC10044C035 /* ModuleFinder.sdef */; };
		2C886BE522B8DFF60044C035 /* AEUtils.c in Sources */ = {isa = PBXBuildFile; fileRef = 2C886BE322B8DFF60044C035 /* AEUtils.c */; };
		2C886BF322B8E0040044C035 /* TXRegularExpression.c in Sources */ = {isa = PBXBuildFile; fileRef = 2C886BEB22B8E0040044C035 /* TXRegularExpression.c */; };
		2C886BFA22B8E6B10044C035 /* TXFile.c in Sources */ = {isa = PBXBuildFile; fileRef = 2C886BF822B8E6B10044C035 /* TXFile.c */; };
		2C886BFE22B8E6BE0044C035 /* AppleEventExtra.m in Sources */ = {isa = PBXBuildFile; fileRef = 2C886BFD22B8E6BE0044C035 /* AppleEventExtra.m */; };
		2C886C0122B8E7140044C035 /* ModuleCondition.c in Sources */ = {isa = PBXBuildFile; fileRef = 2C886C0022B8E7140044C035 /* ModuleCondition.c */; };
		2C886C0422B8E7220044C035 /* ModuleRef.c in Sources */ = {isa = PBXBuildFile; fileRef = 2C886C0322B8E7220044C035 /* ModuleRef.c */; };
		2C886C0922B8E7350044C035 /* VersionCondition.c in Sources */ = {isa = PBXBuildFile; fileRef = 2C886C0622B8E7350044C035 /* VersionCondition.c */; };
		2C886C0A22B8E7360044C035 /* findModule.m in Sources */ = {isa = PBXBuildFile; fileRef = 2C886C0822B8E7350044C035 /* findModule.m */; };
		2C886C1322B8EAD80044C035 /* ExtractDependencies.m in Sources */ = {isa = PBXBuildFile; fileRef = 2C886C0F22B8EAD80044C035 /* ExtractDependencies.m */; };
		2C886C1422B8EAD80044C035 /* ExtractDependenciesASObjC.m in Sources */ = {isa = PBXBuildFile; fileRef = 2C886C1022B8EAD80044C035 /* ExtractDependenciesASObjC.m */; };
		2C886C1922B8EE370044C035 /* libicucore.A.dylib in Frameworks */ = {isa = PBXBuildFile; fileRef = 2C886C1822B8EE370044C035 /* libicucore.A.dylib */; };
		2CB1A9E222B3B74D000063DF /* AppDelegate.m in Sources */ = {isa = PBXBuildFile; fileRef = 2CB1A9E122B3B74D000063DF /* AppDelegate.m */; };
		2CB1A9E522B3B74D000063DF /* main.m in Sources */ = {isa = PBXBuildFile; fileRef = 2CB1A9E422B3B74D000063DF /* main.m */; };
		2CB1A9E722B3B74D000063DF /* Assets.xcassets in Resources */ = {isa = PBXBuildFile; fileRef = 2CB1A9E622B3B74D000063DF /* Assets.xcassets */; };
		2CB1A9EA22B3B74D000063DF /* MainMenu.xib in Resources */ = {isa = PBXBuildFile; fileRef = 2CB1A9E822B3B74D000063DF /* MainMenu.xib */; };
		2CB5C7CE22BD23A20050D357 /* main.applescript in Sources */ = {isa = PBXBuildFile; fileRef = 2CB5C7CD22BD23A20050D357 /* main.applescript */; };
		2CD79D3D22C486760083C403 /* ModuleFinder.app in Resources */ = {isa = PBXBuildFile; fileRef = 2CB1A9DD22B3B74D000063DF /* ModuleFinder.app */; };
		2CD79D3E22C486960083C403 /* LocalLoader.applescript in Sources */ = {isa = PBXBuildFile; fileRef = 2CD79D3722C468270083C403 /* LocalLoader.applescript */; };
		2CD79D4322C49B370083C403 /* ModuleFinder.r in Rez */ = {isa = PBXBuildFile; fileRef = 2CD79D4122C49B290083C403 /* ModuleFinder.r */; };
		2CD79D4B22C503830083C403 /* ScriptCommands.m in Sources */ = {isa = PBXBuildFile; fileRef = 2CD79D4922C503830083C403 /* ScriptCommands.m */; };
/* End PBXBuildFile section */

/* Begin PBXBuildRule section */
		2CD79D3222C454710083C403 /* PBXBuildRule */ = {
			isa = PBXBuildRule;
			compilerSpec = com.apple.compilers.proxy.script;
			filePatterns = "*/main.applescript";
			fileType = pattern.proxy;
			inputFiles = (
			);
			isEditable = 1;
			outputFiles = (
				$TARGET_BUILD_DIR/$SCRIPTS_FOLDER_PATH/$INPUT_FILE_BASE.scpt,
			);
			script = "#pwd\n#printenv\n\ncd \"$TARGET_BUILD_DIR\"\nmkdir -p \"$SCRIPTS_FOLDER_PATH\"\ncd \"$INPUT_FILE_DIR\"\nosacompile -d -i \"${BUILT_PRODUCTS_DIR}/ModuleFinder.app\" -o \"$TARGET_BUILD_DIR/$SCRIPTS_FOLDER_PATH/$INPUT_FILE_BASE.scpt\" \"$INPUT_FILE_NAME\"\n";
		};
/* End PBXBuildRule section */

/* Begin PBXContainerItemProxy section */
		2C886BF522B8E0040044C035 /* PBXContainerItemProxy */ = {
			isa = PBXContainerItemProxy;
			containerPortal = 2C886BEE22B8E0040044C035 /* TXRegularExpression.xcodeproj */;
			proxyType = 2;
			remoteGlobalIDString = 8DD76F7E0486A8DE00D96B5E;
			remoteInfo = "regex-test";
		};
		2CD79D3B22C486670083C403 /* PBXContainerItemProxy */ = {
			isa = PBXContainerItemProxy;
			containerPortal = 2CB1A9D522B3B74D000063DF /* Project object */;
			proxyType = 1;
			remoteGlobalIDString = 2CB1A9DC22B3B74D000063DF;
			remoteInfo = ModuleFinder;
		};
/* End PBXContainerItemProxy section */

/* Begin PBXFileReference section */
		2C0880BA23D81529007FA61D /* ModuleFinder.entitlements */ = {isa = PBXFileReference; lastKnownFileType = text.plist.entitlements; path = ModuleFinder.entitlements; sourceTree = "<group>"; };
		2C28079723DFD30100845F3D /* HelpBookScriptCommands.h */ = {isa = PBXFileReference; lastKnownFileType = sourcecode.c.h; path = HelpBookScriptCommands.h; sourceTree = "<group>"; };
		2C28079823DFD30100845F3D /* HelpBookScriptCommands.m */ = {isa = PBXFileReference; lastKnownFileType = sourcecode.c.objc; path = HelpBookScriptCommands.m; sourceTree = "<group>"; };
		2C2807A323E02EC000845F3D /* ModuleLoaderHelp */ = {isa = PBXFileReference; lastKnownFileType = folder; path = ModuleLoaderHelp; sourceTree = "<group>"; };
		2C886BDE22B77FC10044C035 /* ModuleFinder.sdef */ = {isa = PBXFileReference; fileEncoding = 4; lastKnownFileType = text.xml; path = ModuleFinder.sdef; sourceTree = "<group>"; };
		2C886BE322B8DFF60044C035 /* AEUtils.c */ = {isa = PBXFileReference; fileEncoding = 4; lastKnownFileType = sourcecode.c.c; path = AEUtils.c; sourceTree = "<group>"; };
		2C886BE422B8DFF60044C035 /* AEUtils.h */ = {isa = PBXFileReference; fileEncoding = 4; lastKnownFileType = sourcecode.c.h; path = AEUtils.h; sourceTree = "<group>"; };
		2C886BE722B8E0040044C035 /* icu-test.1 */ = {isa = PBXFileReference; fileEncoding = 4; lastKnownFileType = text.man; path = "icu-test.1"; sourceTree = "<group>"; };
		2C886BE822B8E0040044C035 /* main.c */ = {isa = PBXFileReference; fileEncoding = 4; lastKnownFileType = sourcecode.c.c; path = main.c; sourceTree = "<group>"; };
		2C886BEA22B8E0040044C035 /* icu_regex.h */ = {isa = PBXFileReference; fileEncoding = 4; lastKnownFileType = sourcecode.c.h; path = icu_regex.h; sourceTree = "<group>"; };
		2C886BEB22B8E0040044C035 /* TXRegularExpression.c */ = {isa = PBXFileReference; fileEncoding = 4; lastKnownFileType = sourcecode.c.c; path = TXRegularExpression.c; sourceTree = "<group>"; };
		2C886BEC22B8E0040044C035 /* TXRegularExpression.h */ = {isa = PBXFileReference; fileEncoding = 4; lastKnownFileType = sourcecode.c.h; path = TXRegularExpression.h; sourceTree = "<group>"; };
		2C886BED22B8E0040044C035 /* UErrorCode.h */ = {isa = PBXFileReference; fileEncoding = 4; lastKnownFileType = sourcecode.c.h; path = UErrorCode.h; sourceTree = "<group>"; };
		2C886BEE22B8E0040044C035 /* TXRegularExpression.xcodeproj */ = {isa = PBXFileReference; lastKnownFileType = "wrapper.pb-project"; path = TXRegularExpression.xcodeproj; sourceTree = "<group>"; };
		2C886BF822B8E6B10044C035 /* TXFile.c */ = {isa = PBXFileReference; fileEncoding = 4; lastKnownFileType = sourcecode.c.c; path = TXFile.c; sourceTree = "<group>"; };
		2C886BF922B8E6B10044C035 /* TXFile.h */ = {isa = PBXFileReference; fileEncoding = 4; lastKnownFileType = sourcecode.c.h; path = TXFile.h; sourceTree = "<group>"; };
		2C886BFC22B8E6BE0044C035 /* AppleEventExtra.h */ = {isa = PBXFileReference; fileEncoding = 4; lastKnownFileType = sourcecode.c.h; path = AppleEventExtra.h; sourceTree = "<group>"; };
		2C886BFD22B8E6BE0044C035 /* AppleEventExtra.m */ = {isa = PBXFileReference; fileEncoding = 4; lastKnownFileType = sourcecode.c.objc; path = AppleEventExtra.m; sourceTree = "<group>"; };
		2C886BFF22B8E7140044C035 /* ModuleCondition.h */ = {isa = PBXFileReference; fileEncoding = 4; lastKnownFileType = sourcecode.c.h; path = ModuleCondition.h; sourceTree = "<group>"; };
		2C886C0022B8E7140044C035 /* ModuleCondition.c */ = {isa = PBXFileReference; fileEncoding = 4; lastKnownFileType = sourcecode.c.c; path = ModuleCondition.c; sourceTree = "<group>"; };
		2C886C0222B8E7220044C035 /* ModuleRef.h */ = {isa = PBXFileReference; fileEncoding = 4; lastKnownFileType = sourcecode.c.h; path = ModuleRef.h; sourceTree = "<group>"; };
		2C886C0322B8E7220044C035 /* ModuleRef.c */ = {isa = PBXFileReference; fileEncoding = 4; lastKnownFileType = sourcecode.c.c; path = ModuleRef.c; sourceTree = "<group>"; };
		2C886C0522B8E7350044C035 /* VersionCondition.h */ = {isa = PBXFileReference; fileEncoding = 4; lastKnownFileType = sourcecode.c.h; path = VersionCondition.h; sourceTree = "<group>"; };
		2C886C0622B8E7350044C035 /* VersionCondition.c */ = {isa = PBXFileReference; fileEncoding = 4; lastKnownFileType = sourcecode.c.c; path = VersionCondition.c; sourceTree = "<group>"; };
		2C886C0722B8E7350044C035 /* findModule.h */ = {isa = PBXFileReference; fileEncoding = 4; lastKnownFileType = sourcecode.c.h; path = findModule.h; sourceTree = "<group>"; };
		2C886C0822B8E7350044C035 /* findModule.m */ = {isa = PBXFileReference; fileEncoding = 4; lastKnownFileType = sourcecode.c.objc; path = findModule.m; sourceTree = "<group>"; };
		2C886C0D22B8EAD80044C035 /* ModuleLoaderConstants.h */ = {isa = PBXFileReference; fileEncoding = 4; lastKnownFileType = sourcecode.c.h; path = ModuleLoaderConstants.h; sourceTree = "<group>"; };
		2C886C0E22B8EAD80044C035 /* ExtractDependencies.h */ = {isa = PBXFileReference; fileEncoding = 4; lastKnownFileType = sourcecode.c.h; path = ExtractDependencies.h; sourceTree = "<group>"; };
		2C886C0F22B8EAD80044C035 /* ExtractDependencies.m */ = {isa = PBXFileReference; fileEncoding = 4; lastKnownFileType = sourcecode.c.objc; path = ExtractDependencies.m; sourceTree = "<group>"; };
		2C886C1022B8EAD80044C035 /* ExtractDependenciesASObjC.m */ = {isa = PBXFileReference; fileEncoding = 4; lastKnownFileType = sourcecode.c.objc; path = ExtractDependenciesASObjC.m; sourceTree = "<group>"; };
		2C886C1122B8EAD80044C035 /* BAGenericObject.h */ = {isa = PBXFileReference; fileEncoding = 4; lastKnownFileType = sourcecode.c.h; path = BAGenericObject.h; sourceTree = "<group>"; };
		2C886C1622B8EE0D0044C035 /* OSAKit.framework */ = {isa = PBXFileReference; lastKnownFileType = wrapper.framework; name = OSAKit.framework; path = System/Library/Frameworks/OSAKit.framework; sourceTree = SDKROOT; };
		2C886C1822B8EE370044C035 /* libicucore.A.dylib */ = {isa = PBXFileReference; lastKnownFileType = "compiled.mach-o.dylib"; name = libicucore.A.dylib; path = ../../../../../../usr/lib/libicucore.A.dylib; sourceTree = "<group>"; };
		2C886C2022BA92200044C035 /* History.txt */ = {isa = PBXFileReference; lastKnownFileType = text; name = History.txt; path = ../History.txt; sourceTree = "<group>"; };
		2CB1A9DD22B3B74D000063DF /* ModuleFinder.app */ = {isa = PBXFileReference; explicitFileType = wrapper.application; includeInIndex = 0; path = ModuleFinder.app; sourceTree = BUILT_PRODUCTS_DIR; };
		2CB1A9E022B3B74D000063DF /* AppDelegate.h */ = {isa = PBXFileReference; lastKnownFileType = sourcecode.c.h; path = AppDelegate.h; sourceTree = "<group>"; };
		2CB1A9E122B3B74D000063DF /* AppDelegate.m */ = {isa = PBXFileReference; lastKnownFileType = sourcecode.c.objc; path = AppDelegate.m; sourceTree = "<group>"; };
		2CB1A9E422B3B74D000063DF /* main.m */ = {isa = PBXFileReference; lastKnownFileType = sourcecode.c.objc; path = main.m; sourceTree = "<group>"; };
		2CB1A9E622B3B74D000063DF /* Assets.xcassets */ = {isa = PBXFileReference; lastKnownFileType = folder.assetcatalog; path = Assets.xcassets; sourceTree = "<group>"; };
		2CB1A9E922B3B74D000063DF /* Base */ = {isa = PBXFileReference; lastKnownFileType = file.xib; name = Base; path = Base.lproj/MainMenu.xib; sourceTree = "<group>"; };
		2CB1A9EB22B3B74D000063DF /* Info.plist */ = {isa = PBXFileReference; lastKnownFileType = text.plist.xml; path = Info.plist; sourceTree = "<group>"; };
		2CB5C7C622BD23180050D357 /* ModuleLoader.scptd */ = {isa = PBXFileReference; explicitFileType = wrapper.cfbundle; includeInIndex = 0; path = ModuleLoader.scptd; sourceTree = BUILT_PRODUCTS_DIR; };
		2CB5C7C822BD23180050D357 /* Info.plist */ = {isa = PBXFileReference; lastKnownFileType = text.plist.xml; path = Info.plist; sourceTree = "<group>"; };
		2CB5C7CD22BD23A20050D357 /* main.applescript */ = {isa = PBXFileReference; explicitFileType = sourcecode.applescript; fileEncoding = 4; path = main.applescript; sourceTree = "<group>"; };
		2CCCC75A23D8283D0053BC1D /* ModuleFinder.app */ = {isa = PBXFileReference; lastKnownFileType = wrapper.application; path = ModuleFinder.app; sourceTree = "<group>"; };
		2CD79D3522C468270083C403 /* ConsoleLog.applescript */ = {isa = PBXFileReference; lastKnownFileType = sourcecode.applescript; path = ConsoleLog.applescript; sourceTree = "<group>"; };
		2CD79D3622C468270083C403 /* FastList.applescript */ = {isa = PBXFileReference; lastKnownFileType = sourcecode.applescript; path = FastList.applescript; sourceTree = "<group>"; };
		2CD79D3722C468270083C403 /* LocalLoader.applescript */ = {isa = PBXFileReference; lastKnownFileType = sourcecode.applescript; path = LocalLoader.applescript; sourceTree = "<group>"; };
		2CD79D3822C468270083C403 /* ModuleCache.applescript */ = {isa = PBXFileReference; fileEncoding = 4; lastKnownFileType = sourcecode.applescript; path = ModuleCache.applescript; sourceTree = "<group>"; };
		2CD79D3922C468270083C403 /* ModuleInfo.applescript */ = {isa = PBXFileReference; lastKnownFileType = sourcecode.applescript; path = ModuleInfo.applescript; sourceTree = "<group>"; };
		2CD79D3A22C468270083C403 /* PropertyAccessor.applescript */ = {isa = PBXFileReference; lastKnownFileType = sourcecode.applescript; path = PropertyAccessor.applescript; sourceTree = "<group>"; };
		2CD79D4122C49B290083C403 /* ModuleFinder.r */ = {isa = PBXFileReference; fileEncoding = 4; lastKnownFileType = sourcecode.rez; path = ModuleFinder.r; sourceTree = "<group>"; };
		2CD79D4422C4A0920083C403 /* Makefile */ = {isa = PBXFileReference; lastKnownFileType = sourcecode.make; path = Makefile; sourceTree = "<group>"; };
		2CD79D4922C503830083C403 /* ScriptCommands.m */ = {isa = PBXFileReference; fileEncoding = 4; lastKnownFileType = sourcecode.c.objc; path = ScriptCommands.m; sourceTree = "<group>"; };
		2CD79D4A22C503830083C403 /* ScriptCommands.h */ = {isa = PBXFileReference; fileEncoding = 4; lastKnownFileType = sourcecode.c.h; path = ScriptCommands.h; sourceTree = "<group>"; };
/* End PBXFileReference section */

/* Begin PBXFrameworksBuildPhase section */
		2CB1A9DA22B3B74D000063DF /* Frameworks */ = {
			isa = PBXFrameworksBuildPhase;
			buildActionMask = 2147483647;
			files = (
				2C886C1922B8EE370044C035 /* libicucore.A.dylib in Frameworks */,
			);
			runOnlyForDeploymentPostprocessing = 0;
		};
		2CB5C7C322BD23180050D357 /* Frameworks */ = {
			isa = PBXFrameworksBuildPhase;
			buildActionMask = 2147483647;
			files = (
			);
			runOnlyForDeploymentPostprocessing = 0;
		};
/* End PBXFrameworksBuildPhase section */

/* Begin PBXGroup section */
		2C886BE222B8DFF60044C035 /* AEUtils */ = {
			isa = PBXGroup;
			children = (
				2C886BE322B8DFF60044C035 /* AEUtils.c */,
				2C886BE422B8DFF60044C035 /* AEUtils.h */,
			);
			path = AEUtils;
			sourceTree = "<group>";
		};
		2C886BE622B8E0040044C035 /* TXRegularExpression */ = {
			isa = PBXGroup;
			children = (
				2C886BE722B8E0040044C035 /* icu-test.1 */,
				2C886BE822B8E0040044C035 /* main.c */,
				2C886BE922B8E0040044C035 /* TXRegularExpression */,
				2C886BEE22B8E0040044C035 /* TXRegularExpression.xcodeproj */,
			);
			path = TXRegularExpression;
			sourceTree = "<group>";
		};
		2C886BE922B8E0040044C035 /* TXRegularExpression */ = {
			isa = PBXGroup;
			children = (
				2C886BEA22B8E0040044C035 /* icu_regex.h */,
				2C886BEB22B8E0040044C035 /* TXRegularExpression.c */,
				2C886BEC22B8E0040044C035 /* TXRegularExpression.h */,
				2C886BED22B8E0040044C035 /* UErrorCode.h */,
			);
			path = TXRegularExpression;
			sourceTree = "<group>";
		};
		2C886BEF22B8E0040044C035 /* Products */ = {
			isa = PBXGroup;
			children = (
				2C886BF622B8E0040044C035 /* icu-test */,
			);
			name = Products;
			sourceTree = "<group>";
		};
		2C886BF722B8E6B10044C035 /* TXFile */ = {
			isa = PBXGroup;
			children = (
				2C886BF822B8E6B10044C035 /* TXFile.c */,
				2C886BF922B8E6B10044C035 /* TXFile.h */,
			);
			path = TXFile;
			sourceTree = "<group>";
		};
		2C886BFB22B8E6BE0044C035 /* AppleEventExtra */ = {
			isa = PBXGroup;
			children = (
				2C886BFC22B8E6BE0044C035 /* AppleEventExtra.h */,
				2C886BFD22B8E6BE0044C035 /* AppleEventExtra.m */,
			);
			path = AppleEventExtra;
			sourceTree = "<group>";
		};
		2C886C1522B8EE0C0044C035 /* Frameworks */ = {
			isa = PBXGroup;
			children = (
				2C886C1822B8EE370044C035 /* libicucore.A.dylib */,
				2C886C1622B8EE0D0044C035 /* OSAKit.framework */,
			);
			name = Frameworks;
			sourceTree = "<group>";
		};
		2CB1A9D422B3B74D000063DF = {
			isa = PBXGroup;
			children = (
				2CCCC75923D8283D0053BC1D /* Nortalized */,
				2C886C2022BA92200044C035 /* History.txt */,
				2CD79D4422C4A0920083C403 /* Makefile */,
				2CB1A9DF22B3B74D000063DF /* ModuleFinder */,
				2CB5C7C722BD23180050D357 /* ModuleLoader */,
				2C886BFB22B8E6BE0044C035 /* AppleEventExtra */,
				2C886BF722B8E6B10044C035 /* TXFile */,
				2C886BE622B8E0040044C035 /* TXRegularExpression */,
				2C886BE222B8DFF60044C035 /* AEUtils */,
				2CB1A9DE22B3B74D000063DF /* Products */,
				2C886C1522B8EE0C0044C035 /* Frameworks */,
			);
			sourceTree = "<group>";
		};
		2CB1A9DE22B3B74D000063DF /* Products */ = {
			isa = PBXGroup;
			children = (
				2CB1A9DD22B3B74D000063DF /* ModuleFinder.app */,
				2CB5C7C622BD23180050D357 /* ModuleLoader.scptd */,
			);
			name = Products;
			sourceTree = "<group>";
		};
		2CB1A9DF22B3B74D000063DF /* ModuleFinder */ = {
			isa = PBXGroup;
			children = (
				2C0880BA23D81529007FA61D /* ModuleFinder.entitlements */,
				2CD79D4922C503830083C403 /* ScriptCommands.m */,
				2CD79D4A22C503830083C403 /* ScriptCommands.h */,
				2C886C0D22B8EAD80044C035 /* ModuleLoaderConstants.h */,
				2C886C0E22B8EAD80044C035 /* ExtractDependencies.h */,
				2C886C0F22B8EAD80044C035 /* ExtractDependencies.m */,
				2C886C1022B8EAD80044C035 /* ExtractDependenciesASObjC.m */,
				2C886C1122B8EAD80044C035 /* BAGenericObject.h */,
				2C886C0522B8E7350044C035 /* VersionCondition.h */,
				2C886C0622B8E7350044C035 /* VersionCondition.c */,
				2C886C0722B8E7350044C035 /* findModule.h */,
				2C886C0822B8E7350044C035 /* findModule.m */,
				2C886C0222B8E7220044C035 /* ModuleRef.h */,
				2C886C0322B8E7220044C035 /* ModuleRef.c */,
				2C886BFF22B8E7140044C035 /* ModuleCondition.h */,
				2C886C0022B8E7140044C035 /* ModuleCondition.c */,
				2CB1A9E022B3B74D000063DF /* AppDelegate.h */,
				2CB1A9E122B3B74D000063DF /* AppDelegate.m */,
				2CB1A9E622B3B74D000063DF /* Assets.xcassets */,
				2CB1A9E822B3B74D000063DF /* MainMenu.xib */,
				2CB1A9EB22B3B74D000063DF /* Info.plist */,
				2C886BDE22B77FC10044C035 /* ModuleFinder.sdef */,
				2CD79D4122C49B290083C403 /* ModuleFinder.r */,
				2CB1A9E322B3B74D000063DF /* Supporting Files */,
				2C28079723DFD30100845F3D /* HelpBookScriptCommands.h */,
				2C28079823DFD30100845F3D /* HelpBookScriptCommands.m */,
			);
			path = ModuleFinder;
			sourceTree = "<group>";
		};
		2CB1A9E322B3B74D000063DF /* Supporting Files */ = {
			isa = PBXGroup;
			children = (
				2CB1A9E422B3B74D000063DF /* main.m */,
			);
			name = "Supporting Files";
			sourceTree = "<group>";
		};
		2CB5C7C722BD23180050D357 /* ModuleLoader */ = {
			isa = PBXGroup;
			children = (
				2CB5C7C822BD23180050D357 /* Info.plist */,
				2CB5C7CD22BD23A20050D357 /* main.applescript */,
				2CD79D3522C468270083C403 /* ConsoleLog.applescript */,
				2CD79D3622C468270083C403 /* FastList.applescript */,
				2CD79D3722C468270083C403 /* LocalLoader.applescript */,
				2CD79D3822C468270083C403 /* ModuleCache.applescript */,
				2CD79D3922C468270083C403 /* ModuleInfo.applescript */,
				2CD79D3A22C468270083C403 /* PropertyAccessor.applescript */,
				2C2807A323E02EC000845F3D /* ModuleLoaderHelp */,
			);
			path = ModuleLoader;
			sourceTree = "<group>";
		};
		2CCCC75923D8283D0053BC1D /* Nortalized */ = {
			isa = PBXGroup;
			children = (
				2CCCC75A23D8283D0053BC1D /* ModuleFinder.app */,
			);
			path = Nortalized;
			sourceTree = "<group>";
		};
/* End PBXGroup section */

/* Begin PBXNativeTarget section */
		2CB1A9DC22B3B74D000063DF /* ModuleFinder */ = {
			isa = PBXNativeTarget;
			buildConfigurationList = 2CB1A9EE22B3B74D000063DF /* Build configuration list for PBXNativeTarget "ModuleFinder" */;
			buildPhases = (
				2CB1A9D922B3B74D000063DF /* Sources */,
				2CB1A9DA22B3B74D000063DF /* Frameworks */,
				2CB1A9DB22B3B74D000063DF /* Resources */,
				2CD79D3F22C491910083C403 /* ShellScript */,
				2CD79D4222C49B320083C403 /* Rez */,
			);
			buildRules = (
			);
			dependencies = (
			);
			name = ModuleFinder;
			productName = ModuleFinder;
			productReference = 2CB1A9DD22B3B74D000063DF /* ModuleFinder.app */;
			productType = "com.apple.product-type.application";
		};
		2CB5C7C522BD23180050D357 /* ModuleLoader */ = {
			isa = PBXNativeTarget;
			buildConfigurationList = 2CB5C7CC22BD23180050D357 /* Build configuration list for PBXNativeTarget "ModuleLoader" */;
			buildPhases = (
				2CB5C7C422BD23180050D357 /* Resources */,
				2CCCC75E23D8388F0053BC1D /* ShellScript */,
				2CB5C7C222BD23180050D357 /* Sources */,
				2C2807A923E02FBD00845F3D /* ShellScript */,
				2CB5C7C322BD23180050D357 /* Frameworks */,
			);
			buildRules = (
				2CD79D3222C454710083C403 /* PBXBuildRule */,
			);
			dependencies = (
				2CD79D3C22C486670083C403 /* PBXTargetDependency */,
			);
			name = ModuleLoader;
			productName = ModuleLoader;
			productReference = 2CB5C7C622BD23180050D357 /* ModuleLoader.scptd */;
			productType = "com.apple.product-type.bundle";
		};
/* End PBXNativeTarget section */

/* Begin PBXProject section */
		2CB1A9D522B3B74D000063DF /* Project object */ = {
			isa = PBXProject;
			attributes = {
				LastUpgradeCheck = 1130;
				ORGANIZATIONNAME = tkurita;
				TargetAttributes = {
					2CB1A9DC22B3B74D000063DF = {
						CreatedOnToolsVersion = 8.2.1;
						DevelopmentTeam = 5VBC6385DN;
						ProvisioningStyle = Automatic;
					};
					2CB5C7C522BD23180050D357 = {
						CreatedOnToolsVersion = 8.2.1;
					};
				};
			};
			buildConfigurationList = 2CB1A9D822B3B74D000063DF /* Build configuration list for PBXProject "ModuleLoader4" */;
			compatibilityVersion = "Xcode 10.0";
			developmentRegion = en;
			hasScannedForEncodings = 0;
			knownRegions = (
				en,
				Base,
			);
			mainGroup = 2CB1A9D422B3B74D000063DF;
			productRefGroup = 2CB1A9DE22B3B74D000063DF /* Products */;
			projectDirPath = "";
			projectReferences = (
				{
					ProductGroup = 2C886BEF22B8E0040044C035 /* Products */;
					ProjectRef = 2C886BEE22B8E0040044C035 /* TXRegularExpression.xcodeproj */;
				},
			);
			projectRoot = "";
			targets = (
				2CB1A9DC22B3B74D000063DF /* ModuleFinder */,
				2CB5C7C522BD23180050D357 /* ModuleLoader */,
			);
		};
/* End PBXProject section */

/* Begin PBXReferenceProxy section */
		2C886BF622B8E0040044C035 /* icu-test */ = {
			isa = PBXReferenceProxy;
			fileType = "compiled.mach-o.executable";
			path = "icu-test";
			remoteRef = 2C886BF522B8E0040044C035 /* PBXContainerItemProxy */;
			sourceTree = BUILT_PRODUCTS_DIR;
		};
/* End PBXReferenceProxy section */

/* Begin PBXResourcesBuildPhase section */
		2CB1A9DB22B3B74D000063DF /* Resources */ = {
			isa = PBXResourcesBuildPhase;
			buildActionMask = 2147483647;
			files = (
				2C886BDF22B77FC10044C035 /* ModuleFinder.sdef in Resources */,
				2CB1A9E722B3B74D000063DF /* Assets.xcassets in Resources */,
				2CB1A9EA22B3B74D000063DF /* MainMenu.xib in Resources */,
			);
			runOnlyForDeploymentPostprocessing = 0;
		};
		2CB5C7C422BD23180050D357 /* Resources */ = {
			isa = PBXResourcesBuildPhase;
			buildActionMask = 2147483647;
			files = (
				2C2807A423E02EC000845F3D /* ModuleLoaderHelp in Resources */,
				2CD79D3D22C486760083C403 /* ModuleFinder.app in Resources */,
			);
			runOnlyForDeploymentPostprocessing = 0;
		};
/* End PBXResourcesBuildPhase section */

/* Begin PBXRezBuildPhase section */
		2CD79D4222C49B320083C403 /* Rez */ = {
			isa = PBXRezBuildPhase;
			buildActionMask = 2147483647;
			files = (
				2CD79D4322C49B370083C403 /* ModuleFinder.r in Rez */,
			);
			runOnlyForDeploymentPostprocessing = 0;
		};
/* End PBXRezBuildPhase section */

/* Begin PBXShellScriptBuildPhase section */
		2C2807A923E02FBD00845F3D /* ShellScript */ = {
			isa = PBXShellScriptBuildPhase;
			buildActionMask = 2147483647;
			files = (
			);
			inputFileListPaths = (
			);
			inputPaths = (
			);
			outputFileListPaths = (
			);
			outputPaths = (
			);
			runOnlyForDeploymentPostprocessing = 0;
			shellPath = "/bin/zsh -l";
			shellScript = "cd \"$BUILT_PRODUCTS_DIR\"\nSetupHelpBook \"$FULL_PRODUCT_NAME\" --localized --newlayout --source '/Users/tkurita/Factories/Websites/scriptfactory/web-content/XModules/ModuleLoader/manual/'\n";
		};
		2CCCC75E23D8388F0053BC1D /* ShellScript */ = {
			isa = PBXShellScriptBuildPhase;
			buildActionMask = 8;
			files = (
			);
			inputFileListPaths = (
			);
			inputPaths = (
			);
			outputFileListPaths = (
			);
			outputPaths = (
			);
			runOnlyForDeploymentPostprocessing = 1;
			shellPath = /bin/sh;
			shellScript = "#exit 0\nMODULE_FINDER=\"$PROJECT_DIR/Nortalized/ModuleFinder.app\"\n! [ -e \"${MODULE_FINDER}\" ] && exit 0\n# rm -rf \"${TARGET_BUILD_DIR}/${UNLOCALIZED_RESOURCES_FOLDER_PATH}/ModuleFinder.app\"\necho \"Replace ModuleFinder.app with ${MODULE_FINDER}\"\ncp -af \"${MODULE_FINDER}\" \"${TARGET_BUILD_DIR}/${UNLOCALIZED_RESOURCES_FOLDER_PATH}\"\n";
			showEnvVarsInLog = 0;
		};
		2CD79D3F22C491910083C403 /* ShellScript */ = {
			isa = PBXShellScriptBuildPhase;
			buildActionMask = 2147483647;
			files = (
			);
			inputPaths = (
				$SRCROOT/ModuleFinder/ModuleFinder.sdef,
			);
			outputPaths = (
				$SRCROOT/ModuleFinder/ModuleFinder.r,
			);
			runOnlyForDeploymentPostprocessing = 0;
			shellPath = /bin/sh;
			shellScript = "cd $INPUT_FILE_DIR\n/usr/bin/sdp -f a -o \"$SCRIPT_OUTPUT_FILE_0\" \"$SCRIPT_INPUT_FILE_0\"\n";
			showEnvVarsInLog = 0;
		};
/* End PBXShellScriptBuildPhase section */

/* Begin PBXSourcesBuildPhase section */
		2CB1A9D922B3B74D000063DF /* Sources */ = {
			isa = PBXSourcesBuildPhase;
			buildActionMask = 2147483647;
			files = (
				2C886BFE22B8E6BE0044C035 /* AppleEventExtra.m in Sources */,
				2C886BF322B8E0040044C035 /* TXRegularExpression.c in Sources */,
				2C886BFA22B8E6B10044C035 /* TXFile.c in Sources */,
				2C886C1422B8EAD80044C035 /* ExtractDependenciesASObjC.m in Sources */,
				2CB1A9E522B3B74D000063DF /* main.m in Sources */,
				2C886C1322B8EAD80044C035 /* ExtractDependencies.m in Sources */,
				2C886BE522B8DFF60044C035 /* AEUtils.c in Sources */,
				2C886C0922B8E7350044C035 /* VersionCondition.c in Sources */,
				2CB1A9E222B3B74D000063DF /* AppDelegate.m in Sources */,
				2C886C0422B8E7220044C035 /* ModuleRef.c in Sources */,
				2C886C0122B8E7140044C035 /* ModuleCondition.c in Sources */,
				2C886C0A22B8E7360044C035 /* findModule.m in Sources */,
				2C28079923DFD30100845F3D /* HelpBookScriptCommands.m in Sources */,
				2CD79D4B22C503830083C403 /* ScriptCommands.m in Sources */,
			);
			runOnlyForDeploymentPostprocessing = 0;
		};
		2CB5C7C222BD23180050D357 /* Sources */ = {
			isa = PBXSourcesBuildPhase;
			buildActionMask = 2147483647;
			files = (
				2CD79D3E22C486960083C403 /* LocalLoader.applescript in Sources */,
				2CB5C7CE22BD23A20050D357 /* main.applescript in Sources */,
			);
			runOnlyForDeploymentPostprocessing = 0;
		};
/* End PBXSourcesBuildPhase section */

/* Begin PBXTargetDependency section */
		2CD79D3C22C486670083C403 /* PBXTargetDependency */ = {
			isa = PBXTargetDependency;
			target = 2CB1A9DC22B3B74D000063DF /* ModuleFinder */;
			targetProxy = 2CD79D3B22C486670083C403 /* PBXContainerItemProxy */;
		};
/* End PBXTargetDependency section */

/* Begin PBXVariantGroup section */
		2CB1A9E822B3B74D000063DF /* MainMenu.xib */ = {
			isa = PBXVariantGroup;
			children = (
				2CB1A9E922B3B74D000063DF /* Base */,
			);
			name = MainMenu.xib;
			sourceTree = "<group>";
		};
/* End PBXVariantGroup section */

/* Begin XCBuildConfiguration section */
		2CB1A9EC22B3B74D000063DF /* Debug */ = {
			isa = XCBuildConfiguration;
			buildSettings = {
				ALWAYS_SEARCH_USER_PATHS = NO;
				CLANG_ANALYZER_LOCALIZABILITY_NONLOCALIZED = YES;
				CLANG_ANALYZER_NONNULL = YES;
				CLANG_CXX_LANGUAGE_STANDARD = "gnu++0x";
				CLANG_CXX_LIBRARY = "libc++";
				CLANG_ENABLE_MODULES = YES;
				CLANG_ENABLE_OBJC_ARC = YES;
				CLANG_WARN_BLOCK_CAPTURE_AUTORELEASING = YES;
				CLANG_WARN_BOOL_CONVERSION = YES;
				CLANG_WARN_COMMA = YES;
				CLANG_WARN_CONSTANT_CONVERSION = YES;
				CLANG_WARN_DEPRECATED_OBJC_IMPLEMENTATIONS = YES;
				CLANG_WARN_DIRECT_OBJC_ISA_USAGE = YES_ERROR;
				CLANG_WARN_DOCUMENTATION_COMMENTS = YES;
				CLANG_WARN_EMPTY_BODY = YES;
				CLANG_WARN_ENUM_CONVERSION = YES;
				CLANG_WARN_INFINITE_RECURSION = YES;
				CLANG_WARN_INT_CONVERSION = YES;
				CLANG_WARN_NON_LITERAL_NULL_CONVERSION = YES;
				CLANG_WARN_OBJC_IMPLICIT_RETAIN_SELF = YES;
				CLANG_WARN_OBJC_LITERAL_CONVERSION = YES;
				CLANG_WARN_OBJC_ROOT_CLASS = YES_ERROR;
				CLANG_WARN_RANGE_LOOP_ANALYSIS = YES;
				CLANG_WARN_STRICT_PROTOTYPES = YES;
				CLANG_WARN_SUSPICIOUS_MOVE = YES;
				CLANG_WARN_UNREACHABLE_CODE = YES;
				CLANG_WARN__DUPLICATE_METHOD_MATCH = YES;
				CODE_SIGN_IDENTITY = "-";
				COPYRIGHT = "Copyright 2020, Kurita Tetsuro";
				COPY_PHASE_STRIP = NO;
				DEBUG_INFORMATION_FORMAT = dwarf;
				ENABLE_STRICT_OBJC_MSGSEND = YES;
				ENABLE_TESTABILITY = YES;
				GCC_C_LANGUAGE_STANDARD = gnu99;
				GCC_DYNAMIC_NO_PIC = NO;
				GCC_NO_COMMON_BLOCKS = YES;
				GCC_OPTIMIZATION_LEVEL = 0;
				GCC_PREPROCESSOR_DEFINITIONS = (
					"DEBUG=1",
					"$(inherited)",
				);
				GCC_WARN_64_TO_32_BIT_CONVERSION = YES;
				GCC_WARN_ABOUT_RETURN_TYPE = YES_ERROR;
				GCC_WARN_UNDECLARED_SELECTOR = YES;
				GCC_WARN_UNINITIALIZED_AUTOS = YES_AGGRESSIVE;
				GCC_WARN_UNUSED_FUNCTION = YES;
				GCC_WARN_UNUSED_VARIABLE = YES;
				MACOSX_DEPLOYMENT_TARGET = 10.9;
				MTL_ENABLE_DEBUG_INFO = YES;
				ONLY_ACTIVE_ARCH = YES;
				SDKROOT = macosx;
			};
			name = Debug;
		};
		2CB1A9ED22B3B74D000063DF /* Release */ = {
			isa = XCBuildConfiguration;
			buildSettings = {
				ALWAYS_SEARCH_USER_PATHS = NO;
				CLANG_ANALYZER_LOCALIZABILITY_NONLOCALIZED = YES;
				CLANG_ANALYZER_NONNULL = YES;
				CLANG_CXX_LANGUAGE_STANDARD = "gnu++0x";
				CLANG_CXX_LIBRARY = "libc++";
				CLANG_ENABLE_MODULES = YES;
				CLANG_ENABLE_OBJC_ARC = YES;
				CLANG_WARN_BLOCK_CAPTURE_AUTORELEASING = YES;
				CLANG_WARN_BOOL_CONVERSION = YES;
				CLANG_WARN_COMMA = YES;
				CLANG_WARN_CONSTANT_CONVERSION = YES;
				CLANG_WARN_DEPRECATED_OBJC_IMPLEMENTATIONS = YES;
				CLANG_WARN_DIRECT_OBJC_ISA_USAGE = YES_ERROR;
				CLANG_WARN_DOCUMENTATION_COMMENTS = YES;
				CLANG_WARN_EMPTY_BODY = YES;
				CLANG_WARN_ENUM_CONVERSION = YES;
				CLANG_WARN_INFINITE_RECURSION = YES;
				CLANG_WARN_INT_CONVERSION = YES;
				CLANG_WARN_NON_LITERAL_NULL_CONVERSION = YES;
				CLANG_WARN_OBJC_IMPLICIT_RETAIN_SELF = YES;
				CLANG_WARN_OBJC_LITERAL_CONVERSION = YES;
				CLANG_WARN_OBJC_ROOT_CLASS = YES_ERROR;
				CLANG_WARN_RANGE_LOOP_ANALYSIS = YES;
				CLANG_WARN_STRICT_PROTOTYPES = YES;
				CLANG_WARN_SUSPICIOUS_MOVE = YES;
				CLANG_WARN_UNREACHABLE_CODE = YES;
				CLANG_WARN__DUPLICATE_METHOD_MATCH = YES;
				CODE_SIGN_IDENTITY = "-";
				COPYRIGHT = "Copyright 2020, Kurita Tetsuro";
				COPY_PHASE_STRIP = NO;
				DEBUG_INFORMATION_FORMAT = "dwarf-with-dsym";
				ENABLE_NS_ASSERTIONS = NO;
				ENABLE_STRICT_OBJC_MSGSEND = YES;
				GCC_C_LANGUAGE_STANDARD = gnu99;
				GCC_NO_COMMON_BLOCKS = YES;
				GCC_WARN_64_TO_32_BIT_CONVERSION = YES;
				GCC_WARN_ABOUT_RETURN_TYPE = YES_ERROR;
				GCC_WARN_UNDECLARED_SELECTOR = YES;
				GCC_WARN_UNINITIALIZED_AUTOS = YES_AGGRESSIVE;
				GCC_WARN_UNUSED_FUNCTION = YES;
				GCC_WARN_UNUSED_VARIABLE = YES;
				MACOSX_DEPLOYMENT_TARGET = 10.9;
				MTL_ENABLE_DEBUG_INFO = NO;
				SDKROOT = macosx;
			};
			name = Release;
		};
		2CB1A9EF22B3B74D000063DF /* Debug */ = {
			isa = XCBuildConfiguration;
			buildSettings = {
				ASSETCATALOG_COMPILER_APPICON_NAME = AppIcon;
				CODE_SIGN_ENTITLEMENTS = ModuleFinder/ModuleFinder.entitlements;
				CODE_SIGN_IDENTITY = "Apple Development";
				COMBINE_HIDPI_IMAGES = YES;
				DEVELOPMENT_TEAM = 5VBC6385DN;
				ENABLE_HARDENED_RUNTIME = YES;
				INFOPLIST_FILE = ModuleFinder/Info.plist;
				MACOSX_DEPLOYMENT_TARGET = 10.9;
				MARKETING_VERSION = 4.0.5b;
				OTHER_CFLAGS = "-DuseDeprected=1";
				PRODUCT_BUNDLE_IDENTIFIER = "net.script-factory.ModuleFinder";
				PRODUCT_NAME = "$(TARGET_NAME)";
			};
			name = Debug;
		};
		2CB1A9F022B3B74D000063DF /* Release */ = {
			isa = XCBuildConfiguration;
			buildSettings = {
				ASSETCATALOG_COMPILER_APPICON_NAME = AppIcon;
				CODE_SIGN_ENTITLEMENTS = ModuleFinder/ModuleFinder.entitlements;
				CODE_SIGN_IDENTITY = "Apple Development";
				COMBINE_HIDPI_IMAGES = YES;
				DEVELOPMENT_TEAM = 5VBC6385DN;
				ENABLE_HARDENED_RUNTIME = YES;
				INFOPLIST_FILE = ModuleFinder/Info.plist;
				MACOSX_DEPLOYMENT_TARGET = 10.9;
				MARKETING_VERSION = 4.0.5b;
				OTHER_CFLAGS = "-DuseDeprected=0";
				PRODUCT_BUNDLE_IDENTIFIER = "net.script-factory.ModuleFinder";
				PRODUCT_NAME = "$(TARGET_NAME)";
			};
			name = Release;
		};
		2CB5C7C922BD23180050D357 /* Debug */ = {
			isa = XCBuildConfiguration;
			buildSettings = {
				CODE_SIGN_IDENTITY = "Developer ID Application";
				CODE_SIGN_STYLE = Manual;
				COMBINE_HIDPI_IMAGES = YES;
				COPYRIGHT = "Copyright 2020, Kurita Tetsuro. All rights reserved.";
				CURRENT_PROJECT_VERSION = 9;
				DEVELOPMENT_TEAM = 5VBC6385DN;
				INFOPLIST_FILE = ModuleLoader/Info.plist;
				INSTALL_PATH = "$(LOCAL_LIBRARY_DIR)/Script Libraries";
				MACOSX_DEPLOYMENT_TARGET = 10.9;
				MARKETING_VERSION = 4.0.5b;
				PRODUCT_BUNDLE_IDENTIFIER = "net.script-factory.ModuleLoader";
				PRODUCT_NAME = "$(TARGET_NAME)";
				PROVISIONING_PROFILE_SPECIFIER = "";
				WRAPPER_EXTENSION = scptd;
			};
			name = Debug;
		};
		2CB5C7CA22BD23180050D357 /* Release */ = {
			isa = XCBuildConfiguration;
			buildSettings = {
				CODE_SIGN_IDENTITY = "Developer ID Application";
				CODE_SIGN_STYLE = Manual;
				COMBINE_HIDPI_IMAGES = YES;
				COPYRIGHT = "Copyright 2020, Kurita Tetsuro. All rights reserved.";
				CURRENT_PROJECT_VERSION = 9;
				DEVELOPMENT_TEAM = 5VBC6385DN;
				INFOPLIST_FILE = ModuleLoader/Info.plist;
				INSTALL_PATH = "$(LOCAL_LIBRARY_DIR)/Script Libraries";
				MACOSX_DEPLOYMENT_TARGET = 10.9;
				MARKETING_VERSION = 4.0.5b;
				PRODUCT_BUNDLE_IDENTIFIER = "net.script-factory.ModuleLoader";
				PRODUCT_NAME = "$(TARGET_NAME)";
				PROVISIONING_PROFILE_SPECIFIER = "";
				WRAPPER_EXTENSION = scptd;
			};
			name = Release;
		};
/* End XCBuildConfiguration section */

/* Begin XCConfigurationList section */
		2CB1A9D822B3B74D000063DF /* Build configuration list for PBXProject "ModuleLoader4" */ = {
			isa = XCConfigurationList;
			buildConfigurations = (
				2CB1A9EC22B3B74D000063DF /* Debug */,
				2CB1A9ED22B3B74D000063DF /* Release */,
			);
			defaultConfigurationIsVisible = 0;
			defaultConfigurationName = Release;
		};
		2CB1A9EE22B3B74D000063DF /* Build configuration list for PBXNativeTarget "ModuleFinder" */ = {
			isa = XCConfigurationList;
			buildConfigurations = (
				2CB1A9EF22B3B74D000063DF /* Debug */,
				2CB1A9F022B3B74D000063DF /* Release */,
			);
			defaultConfigurationIsVisible = 0;
			defaultConfigurationName = Release;
		};
		2CB5C7CC22BD23180050D357 /* Build configuration list for PBXNativeTarget "ModuleLoader" */ = {
			isa = XCConfigurationList;
			buildConfigurations = (
				2CB5C7C922BD23180050D357 /* Debug */,
				2CB5C7CA22BD23180050D357 /* Release */,
			);
			defaultConfigurationIsVisible = 0;
			defaultConfigurationName = Release;
		};
/* End XCConfigurationList section */
	};
	rootObject = 2CB1A9D522B3B74D000063DF /* Project object */;
}
